{
  "name": "alienattack.workshop",
  "version": "0.1.0",
  "lockfileVersion": 1,
  "requires": true,
  "dependencies": {
    "@aws-cdk/assets": {
      "version": "1.6.1",
      "resolved": "https://registry.npmjs.org/@aws-cdk/assets/-/assets-1.6.1.tgz",
      "integrity": "sha512-yX8udFfq7gpZ167y8gKOyFVOHV0cUfdfK1BSGBmRA1rh7tNAsK9Ah8dGEm+garP+xsEC/TrDUi2+ypswgUm29w==",
      "requires": {
        "@aws-cdk/core": "^1.6.1",
        "@aws-cdk/cx-api": "^1.6.1",
        "minimatch": "^3.0.4"
      },
      "dependencies": {
        "balanced-match": {
          "version": "1.0.0",
          "bundled": true
        },
        "brace-expansion": {
          "version": "1.1.11",
          "bundled": true,
          "requires": {
            "balanced-match": "^1.0.0",
            "concat-map": "0.0.1"
          }
        },
        "concat-map": {
          "version": "0.0.1",
          "bundled": true
        },
        "minimatch": {
          "version": "3.0.4",
          "bundled": true,
          "requires": {
            "brace-expansion": "^1.1.7"
          }
        }
      }
    },
    "@aws-cdk/aws-apigateway": {
      "version": "1.6.1",
      "resolved": "https://registry.npmjs.org/@aws-cdk/aws-apigateway/-/aws-apigateway-1.6.1.tgz",
      "integrity": "sha512-zNb2XyNsGdlyN8/Afe4aTH/8fsYbJS8EjlxIwGfJeCwXxK5K5BvYk5QJ7UZyKas8Kd6/cmD6uobB7n2ioJOY1w==",
      "requires": {
        "@aws-cdk/aws-certificatemanager": "^1.6.1",
        "@aws-cdk/aws-elasticloadbalancingv2": "^1.6.1",
        "@aws-cdk/aws-iam": "^1.6.1",
        "@aws-cdk/aws-lambda": "^1.6.1",
        "@aws-cdk/core": "^1.6.1"
      }
    },
    "@aws-cdk/aws-applicationautoscaling": {
      "version": "1.6.1",
      "resolved": "https://registry.npmjs.org/@aws-cdk/aws-applicationautoscaling/-/aws-applicationautoscaling-1.6.1.tgz",
      "integrity": "sha512-gl/e6aswwCcWhUSDxZrDQz+3UsQwPnGFKI5Ve6ATd7glAaCjv+5x8W9zKLBvxnG8ZafVdBXBe/5amXQX7c/uRA==",
      "requires": {
        "@aws-cdk/aws-autoscaling-common": "^1.6.1",
        "@aws-cdk/aws-cloudwatch": "^1.6.1",
        "@aws-cdk/aws-iam": "^1.6.1",
        "@aws-cdk/core": "^1.6.1"
      }
    },
    "@aws-cdk/aws-autoscaling-common": {
      "version": "1.6.1",
      "resolved": "https://registry.npmjs.org/@aws-cdk/aws-autoscaling-common/-/aws-autoscaling-common-1.6.1.tgz",
      "integrity": "sha512-IfDUD5QOpP5GTEDLfIEPkLfCQPWhJxiRYxSV+ilLI5ZLrmdMWFKoPkNnKuaOM7bnpqr/kCK0HyXQ6cPrImJqTA==",
      "requires": {
        "@aws-cdk/aws-iam": "^1.6.1",
        "@aws-cdk/core": "^1.6.1"
      }
    },
    "@aws-cdk/aws-certificatemanager": {
      "version": "1.6.1",
      "resolved": "https://registry.npmjs.org/@aws-cdk/aws-certificatemanager/-/aws-certificatemanager-1.6.1.tgz",
      "integrity": "sha512-OZNQH/EDzMyipXw6vZFbdxOFJggEODXQv3Yi6dR8UNjG5DsQL4gSULYx3D7i06tYrpcUesqPj1RwIHebwck8kg==",
      "requires": {
        "@aws-cdk/aws-cloudformation": "^1.6.1",
        "@aws-cdk/aws-iam": "^1.6.1",
        "@aws-cdk/aws-lambda": "^1.6.1",
        "@aws-cdk/aws-route53": "^1.6.1",
        "@aws-cdk/core": "^1.6.1"
      }
    },
    "@aws-cdk/aws-cloudformation": {
      "version": "1.6.1",
      "resolved": "https://registry.npmjs.org/@aws-cdk/aws-cloudformation/-/aws-cloudformation-1.6.1.tgz",
      "integrity": "sha512-Uv4gEWGb1RIKWFEraq1fXMPHAcEcvn9qkNpBqm5XcFPm7OyKH0MLEICDXKWkniNFrv1rKMU6G3vEkSaGxga01w==",
      "requires": {
        "@aws-cdk/aws-iam": "^1.6.1",
        "@aws-cdk/aws-lambda": "^1.6.1",
        "@aws-cdk/aws-sns": "^1.6.1",
        "@aws-cdk/core": "^1.6.1"
      }
    },
    "@aws-cdk/aws-cloudfront": {
      "version": "1.6.1",
      "resolved": "https://registry.npmjs.org/@aws-cdk/aws-cloudfront/-/aws-cloudfront-1.6.1.tgz",
      "integrity": "sha512-laE8iNWoKumenB+Mql+gPR7AneKDYPsnfMGAK83fKBHX8o0sfG8en2VuqfPcqLcZsAnQLgF3gRN6Lh8u58I7nA==",
      "requires": {
        "@aws-cdk/aws-certificatemanager": "^1.6.1",
        "@aws-cdk/aws-iam": "^1.6.1",
        "@aws-cdk/aws-kms": "^1.6.1",
        "@aws-cdk/aws-lambda": "^1.6.1",
        "@aws-cdk/aws-s3": "^1.6.1",
        "@aws-cdk/core": "^1.6.1"
      }
    },
    "@aws-cdk/aws-cloudwatch": {
      "version": "1.6.1",
      "resolved": "https://registry.npmjs.org/@aws-cdk/aws-cloudwatch/-/aws-cloudwatch-1.6.1.tgz",
      "integrity": "sha512-vVa2tByqCdfvBhj/clalwX4dsTXFODMvC+qb9eqlqjkfChAplxMpy9et5YUqY4YTkUwm053lOSFEcorahlH+UA==",
      "requires": {
        "@aws-cdk/aws-iam": "^1.6.1",
        "@aws-cdk/core": "^1.6.1"
      }
    },
    "@aws-cdk/aws-cognito": {
      "version": "1.6.1",
      "resolved": "https://registry.npmjs.org/@aws-cdk/aws-cognito/-/aws-cognito-1.6.1.tgz",
      "integrity": "sha512-/cr5bkChlxB4qMX8371roLko4zSC3mbXdkJxPLivn8sS6/LQwPNTHl+5kxEBU68aZ9j/ukIzzVhbxTF86IGomA==",
      "requires": {
        "@aws-cdk/aws-iam": "^1.6.1",
        "@aws-cdk/aws-lambda": "^1.6.1",
        "@aws-cdk/core": "^1.6.1"
      }
    },
    "@aws-cdk/aws-dynamodb": {
      "version": "1.6.1",
      "resolved": "https://registry.npmjs.org/@aws-cdk/aws-dynamodb/-/aws-dynamodb-1.6.1.tgz",
      "integrity": "sha512-GQchpm3P772QFCOo+toGsui8/Nv8LEwOVbe380dFZy71giWcqFtsJ7OLhvJB+7oXkFWh6LjB3pJowslwGY1SEQ==",
      "requires": {
        "@aws-cdk/aws-applicationautoscaling": "^1.6.1",
        "@aws-cdk/aws-iam": "^1.6.1",
        "@aws-cdk/core": "^1.6.1"
      }
    },
    "@aws-cdk/aws-ec2": {
      "version": "1.6.1",
      "resolved": "https://registry.npmjs.org/@aws-cdk/aws-ec2/-/aws-ec2-1.6.1.tgz",
      "integrity": "sha512-gMCk96vjCY8Wc1GGdncaJtU3PshAkrS5eJT7ZhDrhczao+NrH6OGoZvHBYd++ZtJ41AAXUnan4LhTeGnTxPSEA==",
      "requires": {
        "@aws-cdk/aws-cloudwatch": "^1.6.1",
        "@aws-cdk/aws-iam": "^1.6.1",
        "@aws-cdk/aws-ssm": "^1.6.1",
        "@aws-cdk/core": "^1.6.1",
        "@aws-cdk/cx-api": "^1.6.1"
      }
    },
    "@aws-cdk/aws-elasticloadbalancingv2": {
      "version": "1.6.1",
      "resolved": "https://registry.npmjs.org/@aws-cdk/aws-elasticloadbalancingv2/-/aws-elasticloadbalancingv2-1.6.1.tgz",
      "integrity": "sha512-Vn+hcqDhuVoqXGsQoIDzc/BT1pCBTnRIqURK4bQTktAFjnl+nh8mNP1tkpprLtgn3FjPsfYi+KshzBdxhe/84g==",
      "requires": {
        "@aws-cdk/aws-certificatemanager": "^1.6.1",
        "@aws-cdk/aws-cloudwatch": "^1.6.1",
        "@aws-cdk/aws-ec2": "^1.6.1",
        "@aws-cdk/aws-iam": "^1.6.1",
        "@aws-cdk/aws-lambda": "^1.6.1",
        "@aws-cdk/aws-s3": "^1.6.1",
        "@aws-cdk/core": "^1.6.1"
      }
    },
    "@aws-cdk/aws-events": {
      "version": "1.6.1",
      "resolved": "https://registry.npmjs.org/@aws-cdk/aws-events/-/aws-events-1.6.1.tgz",
      "integrity": "sha512-EMzv4BKNLV6KhqcEsDGKCvb663PJ/BsPhMR32t381j//PY612esa+uWpo4ZCe1GoQv7IHleAJzEFCe7nSwzmyg==",
      "requires": {
        "@aws-cdk/aws-iam": "^1.6.1",
        "@aws-cdk/core": "^1.6.1"
      }
    },
    "@aws-cdk/aws-iam": {
      "version": "1.6.1",
      "resolved": "https://registry.npmjs.org/@aws-cdk/aws-iam/-/aws-iam-1.6.1.tgz",
      "integrity": "sha512-lxOr+m1mmPk+NNpoYh7Zu3k7KL+b8wrSKMscg0/Z/C1sidNtpj0HHCZMsBCyD/w3+mrNBz9Z9cKz5ZyM3OVZZg==",
      "requires": {
        "@aws-cdk/core": "^1.6.1",
        "@aws-cdk/region-info": "^1.6.1"
      }
    },
    "@aws-cdk/aws-kinesis": {
      "version": "1.6.1",
      "resolved": "https://registry.npmjs.org/@aws-cdk/aws-kinesis/-/aws-kinesis-1.6.1.tgz",
      "integrity": "sha512-HJ/g6ML12P1VwCyZdktGpD+az0W05t82iJM9xkj7cRqIYQNihsib5xly7wddzoBbsNVSpwpSUyNInZGx50Milg==",
      "requires": {
        "@aws-cdk/aws-iam": "^1.6.1",
        "@aws-cdk/aws-kms": "^1.6.1",
        "@aws-cdk/aws-logs": "^1.6.1",
        "@aws-cdk/core": "^1.6.1"
      }
    },
    "@aws-cdk/aws-kinesisfirehose": {
      "version": "1.6.1",
      "resolved": "https://registry.npmjs.org/@aws-cdk/aws-kinesisfirehose/-/aws-kinesisfirehose-1.6.1.tgz",
      "integrity": "sha512-rS1mxNsQIzZcUE0LvALQ7hGmXo7VSBDXoSD6Nc/aWA3x/wpkfDba9DFGVk7kkWahlakxe5kifmeeLmF4KWj09Q==",
      "requires": {
        "@aws-cdk/core": "^1.6.1"
      }
    },
    "@aws-cdk/aws-kms": {
      "version": "1.6.1",
      "resolved": "https://registry.npmjs.org/@aws-cdk/aws-kms/-/aws-kms-1.6.1.tgz",
      "integrity": "sha512-gCk192lJQk/QZvNXCt2JZiA79vofZmRdz1KBtxDdDa5dP+7zjHoSSVWns2/WCfS4isZtZFKUqcO7jSOrhktZWQ==",
      "requires": {
        "@aws-cdk/aws-iam": "^1.6.1",
        "@aws-cdk/core": "^1.6.1"
      }
    },
    "@aws-cdk/aws-lambda": {
      "version": "1.6.1",
      "resolved": "https://registry.npmjs.org/@aws-cdk/aws-lambda/-/aws-lambda-1.6.1.tgz",
      "integrity": "sha512-MkfmjpGx9ongUcSak3Da5ZNppPbp0JQEMZcu1pxg2wFwxqrgaC8rsax9qfLumWDIzhS1U854gw0JoqUNoJIYsA==",
      "requires": {
        "@aws-cdk/aws-cloudwatch": "^1.6.1",
        "@aws-cdk/aws-ec2": "^1.6.1",
        "@aws-cdk/aws-events": "^1.6.1",
        "@aws-cdk/aws-iam": "^1.6.1",
        "@aws-cdk/aws-logs": "^1.6.1",
        "@aws-cdk/aws-s3": "^1.6.1",
        "@aws-cdk/aws-s3-assets": "^1.6.1",
        "@aws-cdk/aws-sqs": "^1.6.1",
        "@aws-cdk/core": "^1.6.1",
        "@aws-cdk/cx-api": "^1.6.1"
      }
    },
    "@aws-cdk/aws-logs": {
      "version": "1.6.1",
      "resolved": "https://registry.npmjs.org/@aws-cdk/aws-logs/-/aws-logs-1.6.1.tgz",
      "integrity": "sha512-oIssWFnI1UTmic5puN4k3EYdg1AOL0kxIeuH5rNwA+ucsZHU4b6Qug04T9BZ3m+L51fzvC4O0aMIu7WQav5/Iw==",
      "requires": {
        "@aws-cdk/aws-cloudwatch": "^1.6.1",
        "@aws-cdk/aws-iam": "^1.6.1",
        "@aws-cdk/core": "^1.6.1"
      }
    },
    "@aws-cdk/aws-route53": {
      "version": "1.6.1",
      "resolved": "https://registry.npmjs.org/@aws-cdk/aws-route53/-/aws-route53-1.6.1.tgz",
      "integrity": "sha512-rx6qCDKJPY6gcpNLo5REt0fFKnSp4+hrBj4O6/uLzZeO60ssaAIDQarObKY2vNgrgWVSGNxj45RutqxQjGo7Mw==",
      "requires": {
        "@aws-cdk/aws-ec2": "^1.6.1",
        "@aws-cdk/aws-logs": "^1.6.1",
        "@aws-cdk/core": "^1.6.1",
        "@aws-cdk/cx-api": "^1.6.1"
      }
    },
    "@aws-cdk/aws-s3": {
      "version": "1.6.1",
      "resolved": "https://registry.npmjs.org/@aws-cdk/aws-s3/-/aws-s3-1.6.1.tgz",
      "integrity": "sha512-t5Xx/zOXpBytVVWCwJJm0yJB+f2NmAbE1bJPuJ1rCyEJ3l8mUQu8qNoLksLgov8IGoBoqVXS0t2S/LnTqTDEhw==",
      "requires": {
        "@aws-cdk/aws-events": "^1.6.1",
        "@aws-cdk/aws-iam": "^1.6.1",
        "@aws-cdk/aws-kms": "^1.6.1",
        "@aws-cdk/core": "^1.6.1"
      }
    },
    "@aws-cdk/aws-s3-assets": {
      "version": "1.6.1",
      "resolved": "https://registry.npmjs.org/@aws-cdk/aws-s3-assets/-/aws-s3-assets-1.6.1.tgz",
      "integrity": "sha512-qh5KLDFw1HfFmnP0k2fKJDBmcL1SM8/qLL4IQmZpxllPc9SVLhQ165ZxW4jpZWZSnBvVY6ebYN4bnwleEYge6A==",
      "requires": {
        "@aws-cdk/assets": "^1.6.1",
        "@aws-cdk/aws-iam": "^1.6.1",
        "@aws-cdk/aws-s3": "^1.6.1",
        "@aws-cdk/core": "^1.6.1",
        "@aws-cdk/cx-api": "^1.6.1"
      }
    },
    "@aws-cdk/aws-sns": {
      "version": "1.6.1",
      "resolved": "https://registry.npmjs.org/@aws-cdk/aws-sns/-/aws-sns-1.6.1.tgz",
      "integrity": "sha512-RsTML8vQYbgw+URh8invxMSKqLPbXDgBO7UFS7qNEh6VOCgxXQi5mh3cg0w1hi/l68wlIHY7oRWXUFn7kZZUIw==",
      "requires": {
        "@aws-cdk/aws-cloudwatch": "^1.6.1",
        "@aws-cdk/aws-events": "^1.6.1",
        "@aws-cdk/aws-iam": "^1.6.1",
        "@aws-cdk/core": "^1.6.1"
      }
    },
    "@aws-cdk/aws-sqs": {
      "version": "1.6.1",
      "resolved": "https://registry.npmjs.org/@aws-cdk/aws-sqs/-/aws-sqs-1.6.1.tgz",
      "integrity": "sha512-ECRfj50hKXorCn/QBPdGnYO7QgXVSVtCxIYZO1OBiOmDdeLyCDtHDU/yW+0oKK2KSIwox+KuuGMcMkPp6QzP6w==",
      "requires": {
        "@aws-cdk/aws-cloudwatch": "^1.6.1",
        "@aws-cdk/aws-iam": "^1.6.1",
        "@aws-cdk/aws-kms": "^1.6.1",
        "@aws-cdk/core": "^1.6.1"
      }
    },
    "@aws-cdk/aws-ssm": {
      "version": "1.6.1",
      "resolved": "https://registry.npmjs.org/@aws-cdk/aws-ssm/-/aws-ssm-1.6.1.tgz",
      "integrity": "sha512-nSQsKNoUwbEwQ66lzO0z3+VR/jr4ABl9f9cEGHdja8pYdjEUJRIrCPW0treC0CRoanwfGWg5u2a8dLCQaBvLbA==",
      "requires": {
        "@aws-cdk/aws-iam": "^1.6.1",
        "@aws-cdk/core": "^1.6.1",
        "@aws-cdk/cx-api": "^1.6.1"
      }
    },
    "@aws-cdk/core": {
      "version": "1.6.1",
      "resolved": "https://registry.npmjs.org/@aws-cdk/core/-/core-1.6.1.tgz",
      "integrity": "sha512-FC0iG1hQ8gg2+6TdmHycLnlUOTrJMxGerJt8YB267TC5vquTN9xMZjaOghX0ukYRf1tGcglnJmC5mjCdIL2KdA==",
      "requires": {
        "@aws-cdk/cx-api": "^1.6.1"
      }
    },
    "@aws-cdk/cx-api": {
      "version": "1.6.1",
      "resolved": "https://registry.npmjs.org/@aws-cdk/cx-api/-/cx-api-1.6.1.tgz",
      "integrity": "sha512-3iaJnuJhRYeHsP/3+L+1fcEfmZ8WnP9s7Dztg1FLaqQK6Tss1MbLEbhHwjADYsEAVdZUL0u5twjmCOviKfNHbg==",
      "requires": {
        "semver": "^6.3.0"
      },
      "dependencies": {
        "semver": {
          "version": "6.3.0",
          "bundled": true
        }
      }
    },
    "@aws-cdk/region-info": {
      "version": "1.6.1",
      "resolved": "https://registry.npmjs.org/@aws-cdk/region-info/-/region-info-1.6.1.tgz",
      "integrity": "sha512-FEt9GubTQ39xm84gkMhV67HuKLcu7oE7sRII+7MICShnT8dI+r0KYFMTbp9GOYtT6v5aWrc+hNB8bHltiBwgDg=="
    },
    "@types/node": {
      "version": "12.7.3",
      "resolved": "https://registry.npmjs.org/@types/node/-/node-12.7.3.tgz",
      "integrity": "sha512-3SiLAIBkDWDg6vFo0+5YJyHPWU9uwu40Qe+v+0MH8wRKYBimHvvAOyk3EzMrD/TrIlLYfXrqDqrg913PynrMJQ=="
    },
    "aws-sdk": {
      "version": "2.521.0",
      "resolved": "https://registry.npmjs.org/aws-sdk/-/aws-sdk-2.521.0.tgz",
      "integrity": "sha512-YRViGahZoHq0lEsy0Cq7bqaLzP8OTzjg35Hz08Rv88ltk+b5UWVpDgIWls7mXCBNTBTYjbfbeGXzNaHJBLKlpA==",
      "requires": {
        "buffer": "4.9.1",
        "events": "1.1.1",
        "ieee754": "1.1.8",
        "jmespath": "0.15.0",
        "querystring": "0.2.0",
        "sax": "1.2.1",
        "url": "0.10.3",
        "uuid": "3.3.2",
        "xml2js": "0.4.19"
      },
      "dependencies": {
        "uuid": {
          "version": "3.3.2",
          "resolved": "https://registry.npmjs.org/uuid/-/uuid-3.3.2.tgz",
          "integrity": "sha512-yXJmeNaw3DnnKAOKJE51sL/ZaYfWJRl1pK9dr19YFCu0ObS231AB1/LbqTKRAQ5kw8A90rA6fr4riOUpTZvQZA=="
        }
      }
    },
    "base64-js": {
      "version": "1.3.1",
      "resolved": "https://registry.npmjs.org/base64-js/-/base64-js-1.3.1.tgz",
      "integrity": "sha512-mLQ4i2QO1ytvGWFWmcngKO//JXAQueZvwEKtjgQFM4jIK0kU+ytMfplL8j+n5mspOfjHwoAg+9yhb7BwAHm36g=="
    },
    "buffer": {
      "version": "4.9.1",
      "resolved": "https://registry.npmjs.org/buffer/-/buffer-4.9.1.tgz",
      "integrity": "sha1-bRu2AbB6TvztlwlBMgkwJ8lbwpg=",
      "requires": {
        "base64-js": "^1.0.2",
        "ieee754": "^1.1.4",
        "isarray": "^1.0.0"
      }
    },
    "events": {
      "version": "1.1.1",
      "resolved": "https://registry.npmjs.org/events/-/events-1.1.1.tgz",
      "integrity": "sha1-nr23Y1rQmccNzEwqH1AEKI6L2SQ="
    },
    "ieee754": {
      "version": "1.1.8",
      "resolved": "https://registry.npmjs.org/ieee754/-/ieee754-1.1.8.tgz",
      "integrity": "sha1-vjPUCsEO8ZJnAfbwii2G+/0a0+Q="
    },
    "isarray": {
      "version": "1.0.0",
      "resolved": "https://registry.npmjs.org/isarray/-/isarray-1.0.0.tgz",
      "integrity": "sha1-u5NdSFgsuhaMBoNJV6VKPgcSTxE="
    },
    "jmespath": {
      "version": "0.15.0",
      "resolved": "https://registry.npmjs.org/jmespath/-/jmespath-0.15.0.tgz",
      "integrity": "sha1-o/Iiqarp+Wb10nx5ZRDigJF2Qhc="
    },
    "punycode": {
      "version": "1.3.2",
      "resolved": "https://registry.npmjs.org/punycode/-/punycode-1.3.2.tgz",
      "integrity": "sha1-llOgNvt8HuQjQvIyXM7v6jkmxI0="
    },
    "querystring": {
      "version": "0.2.0",
      "resolved": "https://registry.npmjs.org/querystring/-/querystring-0.2.0.tgz",
      "integrity": "sha1-sgmEkgO7Jd+CDadW50cAWHhSFiA="
    },
    "sax": {
      "version": "1.2.1",
      "resolved": "https://registry.npmjs.org/sax/-/sax-1.2.1.tgz",
      "integrity": "sha1-e45lYZCyKOgaZq6nSEgNgozS03o="
    },
    "url": {
      "version": "0.10.3",
      "resolved": "https://registry.npmjs.org/url/-/url-0.10.3.tgz",
      "integrity": "sha1-Ah5NnHcF8hu/N9A861h2dAJ3TGQ=",
      "requires": {
        "punycode": "1.3.2",
        "querystring": "0.2.0"
      }
    },
    "uuid": {
      "version": "3.3.3",
      "resolved": "https://registry.npmjs.org/uuid/-/uuid-3.3.3.tgz",
      "integrity": "sha512-pW0No1RGHgzlpHJO1nsVrHKpOEIxkGg1xB+v0ZmdNH5OAeAwzAVrCnI2/6Mtx+Uys6iaylxa+D3g4j63IKKjSQ=="
    },
    "xml2js": {
      "version": "0.4.19",
      "resolved": "https://registry.npmjs.org/xml2js/-/xml2js-0.4.19.tgz",
      "integrity": "sha512-esZnJZJOiJR9wWKMyuvSE1y6Dq5LCuJanqhxslH2bxM6duahNZ+HMpCLhBQGZkbX6xRf8x1Y2eJlgt2q3qo49Q==",
      "requires": {
        "sax": ">=0.6.0",
        "xmlbuilder": "~9.0.1"
      }
    },
    "xmlbuilder": {
      "version": "9.0.7",
      "resolved": "https://registry.npmjs.org/xmlbuilder/-/xmlbuilder-9.0.7.tgz",
      "integrity": "sha1-Ey7mPS7FVlxVfiD0wi35rKaGsQ0="
    }
  }
}
